{
  "object" : {
    "pins" : [
      {
        "package" : "PythonKit",
        "repositoryURL" : "https://github.com/pvieito/PythonKit.git",
        "state" : {
          "branch" : "master",
          "revision" : "81f621d094a7c8923207efe5178f50dba1b56c39"
        }
      },
      {
        "package" : "swift-numerics",
        "repositoryURL" : "https://github.com/apple/swift-numerics",
        "state" : {
          "branch" : "main",
          "revision" : "0dc8fef6e95c7d22f3b0929838225a2f42ce90cd"
        }
      }
    ]
  },
  "version" : 1
}
